version = 1
revision = 3
requires-python = "==3.9.*"

[[package]]
name = "cysignals"
version = "1.12.5"
source = { registry = "https://pypi.org/simple" }
sdist = { url = "https://files.pythonhosted.org/packages/ba/be/3dd297fb25113abf40dd5de66088ce6883b62c417caa6b5fc2a84b9d48bf/cysignals-1.12.5.tar.gz", hash = "sha256:8f8ed409043d028b59d063dc4c069cbf12a750534757ce06f38eeac5ff368700", size = 86022, upload-time = "2025-09-24T02:47:35.065Z" }
wheels = [
    { url = "https://files.pythonhosted.org/packages/2e/e0/d746e06c297f8d28cba4cc9839a187ccf54551f08ff90c8e2b1bf105283c/cysignals-1.12.5-cp39-cp39-macosx_10_9_x86_64.whl", hash = "sha256:421b7e880255d97a78b33c2a7b5fc2fb8096ebe5ca4b8b6e7a9cff02536c433d", size = 217028, upload-time = "2025-09-24T02:47:26.664Z" },
    { url = "https://files.pythonhosted.org/packages/0a/b5/b946e1d699d9c2c3cc1039958ef06d7620f4eb387bd748a6470a2fa645fc/cysignals-1.12.5-cp39-cp39-macosx_11_0_arm64.whl", hash = "sha256:ea8988f1b6b9eaff7a30e47593e9856b1888fe881b1e10c9c3158ba3ea3c23d3", size = 217994, upload-time = "2025-09-24T02:47:27.694Z" },
    { url = "https://files.pythonhosted.org/packages/d8/13/0cb4ea1a8a4e1ec9ced745cc9e7e6fb93c3a0976f0428d02865216877f4b/cysignals-1.12.5-cp39-cp39-manylinux2014_aarch64.manylinux_2_17_aarch64.manylinux_2_28_aarch64.whl", hash = "sha256:4641b141545dc719ef694608ad717507e39b1c1521297a15a25d36a441f937fb", size = 263273, upload-time = "2025-09-24T02:47:28.635Z" },
    { url = "https://files.pythonhosted.org/packages/bc/3b/521eaa38d6852cc39308093932a0cb10918437d8abe2f9394231052c6fff/cysignals-1.12.5-cp39-cp39-manylinux2014_x86_64.manylinux_2_17_x86_64.manylinux_2_28_x86_64.whl", hash = "sha256:52b8b72f9dd07d8a1d87633a53afab825eb6027f3a1b92777df590fb0ac9c3c1", size = 268951, upload-time = "2025-09-24T02:47:29.622Z" },
    { url = "https://files.pythonhosted.org/packages/6e/65/4910d09371f2c070d164b1252d21817bdd6d598fd90528d67519abad7d88/cysignals-1.12.5-cp39-cp39-musllinux_1_2_aarch64.whl", hash = "sha256:32bfec54acb3aaf0f5a89411221974aad2507eae17009029df44795f4c0e9317", size = 265170, upload-time = "2025-09-24T02:47:30.697Z" },
    { url = "https://files.pythonhosted.org/packages/75/f9/93eb41c452ca39236c757efb62eb56ead0e83edfc69e7a8f46091cd27635/cysignals-1.12.5-cp39-cp39-musllinux_1_2_x86_64.whl", hash = "sha256:95ace34327ded6e3634185d03d2defc83e74d644d8ecc8cd2738558e60ee6a2f", size = 271917, upload-time = "2025-09-24T02:47:31.86Z" },
    { url = "https://files.pythonhosted.org/packages/3c/89/9bbad8174bd1400b37a92527aa101d8fb148ef4ccd0ec566c81776074a67/cysignals-1.12.5-cp39-cp39-win_amd64.whl", hash = "sha256:c512da79dddb83315912704d66d160d2942e792d055b44b090b37bf8210277f1", size = 53833, upload-time = "2025-09-24T02:47:32.852Z" },
    { url = "https://files.pythonhosted.org/packages/ca/b1/c4f63a656ee46c2058acaa6ca59d3c820f1a1b6161d54a8e1f90e10094ab/cysignals-1.12.5-cp39-cp39-win_arm64.whl", hash = "sha256:78e5be4b7d6173afae961ab896e38b7439f6e0873031bf059677fdc5765ecfa6", size = 50864, upload-time = "2025-09-24T02:47:33.889Z" },
]

[[package]]
name = "dqc-simulator"
version = "0.2.5"
source = { editable = "." }
dependencies = [
    { name = "netsquid" },
    { name = "netsquid-physlayer" },
    { name = "pyparsing" },
]

[package.metadata]
requires-dist = [
    { name = "netsquid", specifier = ">=1.1.7", index = "https://pypi.netsquid.org/" },
    { name = "netsquid-physlayer", specifier = ">=4.3.0", index = "https://pypi.netsquid.org/" },
    { name = "pyparsing", specifier = ">=3.0.9" },
]

[[package]]
name = "netsquid"
version = "1.1.7"
source = { registry = "https://pypi.netsquid.org/" }
dependencies = [
    { name = "numpy" },
    { name = "pandas" },
    { name = "pydynaa" },
    { name = "scipy" },
]
wheels = [
    { url = "https://pypi.netsquid.org/netsquid/netsquid-1.1.7-cp39-cp39-linux_x86_64.whl" },
    { url = "https://pypi.netsquid.org/netsquid/netsquid-1.1.7-cp39-cp39-macosx_12_0_arm64.whl" },
]

[[package]]
name = "netsquid-physlayer"
version = "4.3.1"
source = { registry = "https://pypi.netsquid.org/" }
dependencies = [
    { name = "netsquid" },
    { name = "numpy" },
    { name = "scipy" },
]
wheels = [
    { url = "https://pypi.netsquid.org/netsquid-physlayer/netsquid_physlayer-4.3.1-py3-none-any.whl" },
]

[[package]]
name = "numpy"
version = "1.25.2"
source = { registry = "https://pypi.org/simple" }
sdist = { url = "https://files.pythonhosted.org/packages/a0/41/8f53eff8e969dd8576ddfb45e7ed315407d27c7518ae49418be8ed532b07/numpy-1.25.2.tar.gz", hash = "sha256:fd608e19c8d7c55021dffd43bfe5492fab8cc105cc8986f813f8c3c048b38760", size = 10805282, upload-time = "2023-07-31T15:17:43.198Z" }
wheels = [
    { url = "https://files.pythonhosted.org/packages/8b/d9/22c304cd123e0a1b7d89213e50ed6ec4b22f07f1117d64d28f81c08be428/numpy-1.25.2-cp39-cp39-macosx_10_9_x86_64.whl", hash = "sha256:b79e513d7aac42ae918db3ad1341a015488530d0bb2a6abcbdd10a3a829ccfd3", size = 20847260, upload-time = "2023-07-31T14:57:44.838Z" },
    { url = "https://files.pythonhosted.org/packages/0f/a8/5057b97c395a710999b5697ffedd648caee82c24a29595952d26bd750155/numpy-1.25.2-cp39-cp39-macosx_11_0_arm64.whl", hash = "sha256:eb942bfb6f84df5ce05dbf4b46673ffed0d3da59f13635ea9b926af3deb76926", size = 14022126, upload-time = "2023-07-31T14:58:08.418Z" },
    { url = "https://files.pythonhosted.org/packages/6d/b6/94a587cd64ef090f844ab1d8c8f1af44d07be7387f5f1a40eb729a0ff9c9/numpy-1.25.2-cp39-cp39-manylinux_2_17_aarch64.manylinux2014_aarch64.whl", hash = "sha256:3e0746410e73384e70d286f93abf2520035250aad8c5714240b0492a7302fdca", size = 14206441, upload-time = "2023-07-31T14:58:31.007Z" },
    { url = "https://files.pythonhosted.org/packages/69/1f/c95b1108a9972a52d7b1b63ed8ca70466b59b8c1811bd121f1e667cc45d8/numpy-1.25.2-cp39-cp39-manylinux_2_17_x86_64.manylinux2014_x86_64.whl", hash = "sha256:d7806500e4f5bdd04095e849265e55de20d8cc4b661b038957354327f6d9b295", size = 18263142, upload-time = "2023-07-31T14:58:59.337Z" },
    { url = "https://files.pythonhosted.org/packages/d3/76/fe6b9e75883d1f2bd3cd27cbc7307ec99a0cc76fa941937c177f464fd60a/numpy-1.25.2-cp39-cp39-musllinux_1_1_x86_64.whl", hash = "sha256:8b77775f4b7df768967a7c8b3567e309f617dd5e99aeb886fa14dc1a0791141f", size = 18102143, upload-time = "2023-07-31T14:59:27.625Z" },
    { url = "https://files.pythonhosted.org/packages/81/e3/f562c2d76af16c1d79e73de04f9d08e5a7fd0e50ae12692acd4dbd2501f7/numpy-1.25.2-cp39-cp39-win32.whl", hash = "sha256:2792d23d62ec51e50ce4d4b7d73de8f67a2fd3ea710dcbc8563a51a03fb07b01", size = 12689997, upload-time = "2023-07-31T14:59:48.404Z" },
    { url = "https://files.pythonhosted.org/packages/df/18/181fb40f03090c6fbd061bb8b1f4c32453f7c602b0dc7c08b307baca7cd7/numpy-1.25.2-cp39-cp39-win_amd64.whl", hash = "sha256:76b4115d42a7dfc5d485d358728cdd8719be33cc5ec6ec08632a5d6fca2ed380", size = 15581137, upload-time = "2023-07-31T15:00:14.604Z" },
    { url = "https://files.pythonhosted.org/packages/11/58/e921b73d1a181d49fc5a797f5151b7be78cbc5b4483f8f6042e295b85c01/numpy-1.25.2-pp39-pypy39_pp73-macosx_10_9_x86_64.whl", hash = "sha256:1a1329e26f46230bf77b02cc19e900db9b52f398d6722ca853349a782d4cff55", size = 20168999, upload-time = "2023-07-31T15:00:48.021Z" },
    { url = "https://files.pythonhosted.org/packages/2c/53/9a023f6960ea6c8f66eafae774ba7ab1700fd987158df5aa9dbb28f98f8b/numpy-1.25.2-pp39-pypy39_pp73-manylinux_2_17_x86_64.manylinux2014_x86_64.whl", hash = "sha256:4c3abc71e8b6edba80a01a52e66d83c5d14433cbcd26a40c329ec7ed09f37901", size = 17618771, upload-time = "2023-07-31T15:01:15.808Z" },
    { url = "https://files.pythonhosted.org/packages/2d/2a/5d85ca5d889363ffdec3e3258c7bacdc655801787d004a55e04cf19eeb4a/numpy-1.25.2-pp39-pypy39_pp73-win_amd64.whl", hash = "sha256:1b9735c27cea5d995496f46a8b1cd7b408b3f34b6d50459d9ac8fe3a20cc17bf", size = 15442128, upload-time = "2023-07-31T15:01:40.62Z" },
]

[[package]]
name = "pandas"
version = "2.0.3"
source = { registry = "https://pypi.org/simple" }
dependencies = [
    { name = "numpy" },
    { name = "python-dateutil" },
    { name = "pytz" },
    { name = "tzdata" },
]
sdist = { url = "https://files.pythonhosted.org/packages/b1/a7/824332581e258b5aa4f3763ecb2a797e5f9a54269044ba2e50ac19936b32/pandas-2.0.3.tar.gz", hash = "sha256:c02f372a88e0d17f36d3093a644c73cfc1788e876a7c4bcb4020a77512e2043c", size = 5284455, upload-time = "2023-06-28T23:19:33.371Z" }
wheels = [
    { url = "https://files.pythonhosted.org/packages/f8/c7/cfef920b7b457dff6928e824896cb82367650ea127d048ee0b820026db4f/pandas-2.0.3-cp39-cp39-macosx_10_9_x86_64.whl", hash = "sha256:5247fb1ba347c1261cbbf0fcfba4a3121fbb4029d95d9ef4dc45406620b25c8b", size = 11834160, upload-time = "2023-06-28T23:18:40.332Z" },
    { url = "https://files.pythonhosted.org/packages/6c/1c/689c9d99bc4e5d366a5fd871f0bcdee98a6581e240f96b78d2d08f103774/pandas-2.0.3-cp39-cp39-macosx_11_0_arm64.whl", hash = "sha256:81af086f4543c9d8bb128328b5d32e9986e0c84d3ee673a2ac6fb57fd14f755e", size = 10862752, upload-time = "2023-06-28T23:18:50.016Z" },
    { url = "https://files.pythonhosted.org/packages/cc/b8/4d082f41c27c95bf90485d1447b647cc7e5680fea75e315669dc6e4cb398/pandas-2.0.3-cp39-cp39-manylinux_2_17_aarch64.manylinux2014_aarch64.whl", hash = "sha256:1994c789bf12a7c5098277fb43836ce090f1073858c10f9220998ac74f37c69b", size = 11715852, upload-time = "2023-06-28T23:19:00.594Z" },
    { url = "https://files.pythonhosted.org/packages/9e/0d/91a9fd2c202f2b1d97a38ab591890f86480ecbb596cbc56d035f6f23fdcc/pandas-2.0.3-cp39-cp39-manylinux_2_17_x86_64.manylinux2014_x86_64.whl", hash = "sha256:5ec591c48e29226bcbb316e0c1e9423622bc7a4eaf1ef7c3c9fa1a3981f89641", size = 12398496, upload-time = "2023-06-28T23:19:11.78Z" },
    { url = "https://files.pythonhosted.org/packages/26/7d/d8aa0a2c4f3f5f8ea59fb946c8eafe8f508090ca73e2b08a9af853c1103e/pandas-2.0.3-cp39-cp39-win32.whl", hash = "sha256:04dbdbaf2e4d46ca8da896e1805bc04eb85caa9a82e259e8eed00254d5e0c682", size = 9630766, upload-time = "2023-06-28T23:19:18.182Z" },
    { url = "https://files.pythonhosted.org/packages/9a/f2/0ad053856debbe90c83de1b4f05915f85fd2146f20faf9daa3b320d36df3/pandas-2.0.3-cp39-cp39-win_amd64.whl", hash = "sha256:1168574b036cd8b93abc746171c9b4f1b83467438a5e45909fed645cf8692dbc", size = 10755902, upload-time = "2023-06-28T23:19:25.151Z" },
]

[[package]]
name = "pydynaa"
version = "1.0.2"
source = { registry = "https://pypi.netsquid.org/" }
dependencies = [
    { name = "cysignals" },
]
wheels = [
    { url = "https://pypi.netsquid.org/pydynaa/pydynaa-1.0.2-cp39-cp39-linux_x86_64.whl" },
    { url = "https://pypi.netsquid.org/pydynaa/pydynaa-1.0.2-cp39-cp39-macosx_12_0_arm64.whl" },
    { url = "https://pypi.netsquid.org/pydynaa/pydynaa-1.0.2-cp39-cp39-macosx_13_0_arm64.whl" },
]

[[package]]
name = "pyparsing"
version = "3.3.2"
source = { registry = "https://pypi.org/simple" }
sdist = { url = "https://files.pythonhosted.org/packages/f3/91/9c6ee907786a473bf81c5f53cf703ba0957b23ab84c264080fb5a450416f/pyparsing-3.3.2.tar.gz", hash = "sha256:c777f4d763f140633dcb6d8a3eda953bf7a214dc4eff598413c070bcdc117cbc", size = 6851574, upload-time = "2026-01-21T03:57:59.36Z" }
wheels = [
    { url = "https://files.pythonhosted.org/packages/10/bd/c038d7cc38edc1aa5bf91ab8068b63d4308c66c4c8bb3cbba7dfbc049f9c/pyparsing-3.3.2-py3-none-any.whl", hash = "sha256:850ba148bd908d7e2411587e247a1e4f0327839c40e2e5e6d05a007ecc69911d", size = 122781, upload-time = "2026-01-21T03:57:55.912Z" },
]

[[package]]
name = "python-dateutil"
version = "2.9.0.post0"
source = { registry = "https://pypi.org/simple" }
dependencies = [
    { name = "six" },
]
sdist = { url = "https://files.pythonhosted.org/packages/66/c0/0c8b6ad9f17a802ee498c46e004a0eb49bc148f2fd230864601a86dcf6db/python-dateutil-2.9.0.post0.tar.gz", hash = "sha256:37dd54208da7e1cd875388217d5e00ebd4179249f90fb72437e91a35459a0ad3", size = 342432, upload-time = "2024-03-01T18:36:20.211Z" }
wheels = [
    { url = "https://files.pythonhosted.org/packages/ec/57/56b9bcc3c9c6a792fcbaf139543cee77261f3651ca9da0c93f5c1221264b/python_dateutil-2.9.0.post0-py2.py3-none-any.whl", hash = "sha256:a8b2bc7bffae282281c8140a97d3aa9c14da0b136dfe83f850eea9a5f7470427", size = 229892, upload-time = "2024-03-01T18:36:18.57Z" },
]

[[package]]
name = "pytz"
version = "2025.2"
source = { registry = "https://pypi.org/simple" }
sdist = { url = "https://files.pythonhosted.org/packages/f8/bf/abbd3cdfb8fbc7fb3d4d38d320f2441b1e7cbe29be4f23797b4a2b5d8aac/pytz-2025.2.tar.gz", hash = "sha256:360b9e3dbb49a209c21ad61809c7fb453643e048b38924c765813546746e81c3", size = 320884, upload-time = "2025-03-25T02:25:00.538Z" }
wheels = [
    { url = "https://files.pythonhosted.org/packages/81/c4/34e93fe5f5429d7570ec1fa436f1986fb1f00c3e0f43a589fe2bbcd22c3f/pytz-2025.2-py2.py3-none-any.whl", hash = "sha256:5ddf76296dd8c44c26eb8f4b6f35488f3ccbf6fbbd7adee0b7262d43f0ec2f00", size = 509225, upload-time = "2025-03-25T02:24:58.468Z" },
]

[[package]]
name = "scipy"
version = "1.9.3"
source = { registry = "https://pypi.org/simple" }
dependencies = [
    { name = "numpy" },
]
sdist = { url = "https://files.pythonhosted.org/packages/0a/2e/44795c6398e24e45fa0bb61c3e98de1cfea567b1b51efd3751e2f7ff9720/scipy-1.9.3.tar.gz", hash = "sha256:fbc5c05c85c1a02be77b1ff591087c83bc44579c6d2bd9fb798bb64ea5e1a027", size = 42075414, upload-time = "2022-10-20T02:33:46.579Z" }
wheels = [
    { url = "https://files.pythonhosted.org/packages/59/ef/d54d17c36b46a9b8f6e1d4bf039b7f7ad236504cfb13cf1872caec9cbeaa/scipy-1.9.3-cp39-cp39-macosx_10_9_x86_64.whl", hash = "sha256:d644a64e174c16cb4b2e41dfea6af722053e83d066da7343f333a54dae9bc31c", size = 34333434, upload-time = "2022-10-20T02:17:12.12Z" },
    { url = "https://files.pythonhosted.org/packages/c8/0f/d9f8c50be8670b7ba6f002679e84cd18f46a23faf62c1590f4d1bbec0c8c/scipy-1.9.3-cp39-cp39-macosx_12_0_arm64.whl", hash = "sha256:da8245491d73ed0a994ed9c2e380fd058ce2fa8a18da204681f2fe1f57f98f95", size = 28585764, upload-time = "2022-10-20T02:18:33.549Z" },
    { url = "https://files.pythonhosted.org/packages/b5/67/c5451465ec94e654e6315cd5136961d267ae94a0f799b85d26eb9efe4c9f/scipy-1.9.3-cp39-cp39-manylinux_2_17_aarch64.manylinux2014_aarch64.whl", hash = "sha256:4db5b30849606a95dcf519763dd3ab6fe9bd91df49eba517359e450a7d80ce2e", size = 30144576, upload-time = "2022-10-20T02:20:00.276Z" },
    { url = "https://files.pythonhosted.org/packages/bb/b7/380c9e4cd71263f03d16f8a92c0e44c9bdef38777e1a7dde1f47ba996bac/scipy-1.9.3-cp39-cp39-manylinux_2_17_x86_64.manylinux2014_x86_64.whl", hash = "sha256:c68db6b290cbd4049012990d7fe71a2abd9ffbe82c0056ebe0f01df8be5436b0", size = 33763914, upload-time = "2022-10-20T02:21:29.667Z" },
    { url = "https://files.pythonhosted.org/packages/d0/96/4f6eac3fea18f836a0e403539556b1684e6f3361fa39aa5d5797dedecd75/scipy-1.9.3-cp39-cp39-win_amd64.whl", hash = "sha256:5b88e6d91ad9d59478fafe92a7c757d00c59e3bdc3331be8ada76a4f8d683f58", size = 40156278, upload-time = "2022-10-20T02:23:35.563Z" },
]

[[package]]
name = "six"
version = "1.17.0"
source = { registry = "https://pypi.org/simple" }
sdist = { url = "https://files.pythonhosted.org/packages/94/e7/b2c673351809dca68a0e064b6af791aa332cf192da575fd474ed7d6f16a2/six-1.17.0.tar.gz", hash = "sha256:ff70335d468e7eb6ec65b95b99d3a2836546063f63acc5171de367e834932a81", size = 34031, upload-time = "2024-12-04T17:35:28.174Z" }
wheels = [
    { url = "https://files.pythonhosted.org/packages/b7/ce/149a00dd41f10bc29e5921b496af8b574d8413afcd5e30dfa0ed46c2cc5e/six-1.17.0-py2.py3-none-any.whl", hash = "sha256:4721f391ed90541fddacab5acf947aa0d3dc7d27b2e1e8eda2be8970586c3274", size = 11050, upload-time = "2024-12-04T17:35:26.475Z" },
]

[[package]]
name = "tzdata"
version = "2025.3"
source = { registry = "https://pypi.org/simple" }
sdist = { url = "https://files.pythonhosted.org/packages/5e/a7/c202b344c5ca7daf398f3b8a477eeb205cf3b6f32e7ec3a6bac0629ca975/tzdata-2025.3.tar.gz", hash = "sha256:de39c2ca5dc7b0344f2eba86f49d614019d29f060fc4ebc8a417896a620b56a7", size = 196772, upload-time = "2025-12-13T17:45:35.667Z" }
wheels = [
    { url = "https://files.pythonhosted.org/packages/c7/b0/003792df09decd6849a5e39c28b513c06e84436a54440380862b5aeff25d/tzdata-2025.3-py2.py3-none-any.whl", hash = "sha256:06a47e5700f3081aab02b2e513160914ff0694bce9947d6b76ebd6bf57cfc5d1", size = 348521, upload-time = "2025-12-13T17:45:33.889Z" },
]
